
Microsoft Visual Studio Solution File, Format Version 12.00
# Visual Studio Version 17
VisualStudioVersion = 17.3.32929.385
MinimumVisualStudioVersion = 10.0.40219.1
Project("{FAE04EC0-301F-11D3-BF4B-00C04F79EFBC}") = "HelloWorld", "HelloWorld\HelloWorld.csproj", "{3520E4DC-7E83-4B65-A3C7-FD2AF3F632F8}"
EndProject
Global
	GlobalSection(SolutionConfigurationPlatforms) = preSolution
		Debug|Any CPU = Debug|Any CPU
		Release|Any CPU = Release|Any CPU
	EndGlobalSection
	GlobalSection(ProjectConfigurationPlatforms) = postSolution
		{3520E4DC-7E83-4B65-A3C7-FD2AF3F632F8}.Debug|Any CPU.ActiveCfg = Debug|Any CPU
		{3520E4DC-7E83-4B65-A3C7-FD2AF3F632F8}.Debug|Any CPU.Build.0 = Debug|Any CPU
		{3520E4DC-7E83-4B65-A3C7-FD2AF3F632F8}.Release|Any CPU.ActiveCfg = Release|Any CPU
		{3520E4DC-7E83-4B65-A3C7-FD2AF3F632F8}.Release|Any CPU.Build.0 = Release|Any CPU
	EndGlobalSection
	GlobalSection(SolutionProperties) = preSolution
		HideSolutionNode = FALSE
	EndGlobalSection
	GlobalSection(ExtensibilityGlobals) = postSolution
		SolutionGuid = {8EEFD9FD-7F0C-40D8-AC20-9A34BB2432D2}
	EndGlobalSection
EndGlobal
